<?xml version="1.0" encoding="utf-8"?>
<Project ToolsVersion="4.0" xmlns="http://schemas.microsoft.com/developer/msbuild/2003">
  <ItemGroup>
    <Filter Include="Source Files">
      <UniqueIdentifier>{4FC737F1-C7A5-4376-A066-2A32D752A2FF}</UniqueIdentifier>
      <Extensions>cpp;c;cc;cxx;c++;cppm;ixx;def;odl;idl;hpj;bat;asm;asmx</Extensions>
    </Filter>
    <Filter Include="Header Files">
      <UniqueIdentifier>{93995380-89BD-4b04-88EB-625FBE52EBFB}</UniqueIdentifier>
      <Extensions>h;hh;hpp;hxx;h++;hm;inl;inc;ipp;xsd</Extensions>
    </Filter>
    <Filter Include="Resource Files">
      <UniqueIdentifier>{67DA6AB6-F800-4c08-8B7A-83BB121AAD01}</UniqueIdentifier>
      <Extensions>rc;ico;cur;bmp;dlg;rc2;rct;bin;rgs;gif;jpg;jpeg;jpe;resx;tiff;tif;png;wav;mfcribbon-ms</Extensions>
    </Filter>
    <Filter Include="Resource Files\Shaders">
      <UniqueIdentifier>{e35a8329-4e36-49c7-988f-e1bb475aabbc}</UniqueIdentifier>
    </Filter>
    <Filter Include="Source Files\GameObject">
      <UniqueIdentifier>{21491840-9e95-4c85-943b-dc38dcf31c86}</UniqueIdentifier>
    </Filter>
    <Filter Include="Header Files\GameObject">
      <UniqueIdentifier>{bdac05af-d954-4ba2-80e8-652cb02af232}</UniqueIdentifier>
    </Filter>
    <Filter Include="Resource Files\Textures">
      <UniqueIdentifier>{70eae8b3-e542-4545-9e38-32a642ddeffe}</UniqueIdentifier>
    </Filter>
    <Filter Include="Source Files\Physics">
      <UniqueIdentifier>{59b83ea2-b8e4-4c2d-88b7-8369b790f5cf}</UniqueIdentifier>
    </Filter>
    <Filter Include="Header Files\Physics">
      <UniqueIdentifier>{f0f654e6-bcaf-44a6-8d4b-be9ff4125637}</UniqueIdentifier>
    </Filter>
    <Filter Include="Source Files\Maze">
      <UniqueIdentifier>{3e0ba005-8e18-467e-a56f-2f622e78b6ff}</UniqueIdentifier>
    </Filter>
    <Filter Include="Header Files\Maze">
      <UniqueIdentifier>{1b5ea42d-6924-480c-86a7-091446e55ae0}</UniqueIdentifier>
    </Filter>
    <Filter Include="Header Files\Rendering">
      <UniqueIdentifier>{cc9ce0d1-ab90-4d93-9fdb-af71b1709b1b}</UniqueIdentifier>
    </Filter>
    <Filter Include="Source Files\Rendering">
      <UniqueIdentifier>{96015d1c-9b1a-4b63-9e94-190f3ba289ae}</UniqueIdentifier>
    </Filter>
    <Filter Include="Header Files\Utility">
      <UniqueIdentifier>{a075a298-c50d-4fe0-a9e8-eb7a2365154d}</UniqueIdentifier>
    </Filter>
    <Filter Include="Source Files\Utility">
      <UniqueIdentifier>{5ecbc8a2-1ec2-4293-a1a7-426fefec51fa}</UniqueIdentifier>
    </Filter>
    <Filter Include="Resource Files\MazeData">
      <UniqueIdentifier>{2a371245-9887-45a4-b13f-254e26d05b9b}</UniqueIdentifier>
    </Filter>
    <Filter Include="Source Files\Network">
      <UniqueIdentifier>{a6a8ac78-dc4d-42d7-8839-9b12e5be8063}</UniqueIdentifier>
    </Filter>
    <Filter Include="Header Files\Network">
      <UniqueIdentifier>{7fe8f00b-857d-448f-b59d-b5b19d045a4b}</UniqueIdentifier>
    </Filter>
    <Filter Include="Source Files\MainSystems">
      <UniqueIdentifier>{b81d5aae-ec5c-43b0-86b6-db021ddd202c}</UniqueIdentifier>
    </Filter>
    <Filter Include="Header Files\MainSystems">
      <UniqueIdentifier>{ed14e745-131e-4e88-b809-e40a1cf0c42c}</UniqueIdentifier>
    </Filter>
  </ItemGroup>
  <ItemGroup>
    <ClCompile Include="glad.c">
      <Filter>Source Files</Filter>
    </ClCompile>
    <ClCompile Include="Main.cpp">
      <Filter>Source Files</Filter>
    </ClCompile>
    <ClCompile Include="GameObject.cpp">
      <Filter>Source Files\GameObject</Filter>
    </ClCompile>
    <ClCompile Include="Mesh.cpp">
      <Filter>Source Files\GameObject</Filter>
    </ClCompile>
    <ClCompile Include="Transform.cpp">
      <Filter>Source Files\GameObject</Filter>
    </ClCompile>
    <ClCompile Include="PhysicsWorld.cpp">
      <Filter>Source Files\Physics</Filter>
    </ClCompile>
    <ClCompile Include="ContactListener.cpp">
      <Filter>Source Files\Physics</Filter>
    </ClCompile>
    <ClCompile Include="MazeCell.cpp">
      <Filter>Source Files\Maze</Filter>
    </ClCompile>
    <ClCompile Include="MazeGenerator.cpp">
      <Filter>Source Files\Maze</Filter>
    </ClCompile>
    <ClCompile Include="Shader.cpp">
      <Filter>Source Files\Rendering</Filter>
    </ClCompile>
    <ClCompile Include="Renderer.cpp">
      <Filter>Source Files\Rendering</Filter>
    </ClCompile>
    <ClCompile Include="Texture.cpp">
      <Filter>Source Files\Rendering</Filter>
    </ClCompile>
    <ClCompile Include="stb.cpp">
      <Filter>Source Files\Rendering</Filter>
    </ClCompile>
    <ClCompile Include="FPSCounter.cpp">
      <Filter>Source Files\Utility</Filter>
    </ClCompile>
    <ClCompile Include="ELM.cpp">
      <Filter>Source Files\Network</Filter>
    </ClCompile>
    <ClCompile Include="QMaze.cpp">
      <Filter>Source Files\Network</Filter>
    </ClCompile>
    <ClCompile Include="FileSystem.cpp">
      <Filter>Source Files\Utility</Filter>
    </ClCompile>
    <ClCompile Include="GameManager.cpp">
      <Filter>Source Files\MainSystems</Filter>
    </ClCompile>
    <ClCompile Include="ObjectTracker.cpp">
      <Filter>Source Files\MainSystems</Filter>
    </ClCompile>
    <ClCompile Include="ObstructionGenerator.cpp">
      <Filter>Source Files\MainSystems</Filter>
    </ClCompile>
    <ClCompile Include="TimeTracker.cpp">
      <Filter>Source Files\MainSystems</Filter>
    </ClCompile>
    <ClCompile Include="QLearn.cpp">
      <Filter>Source Files\Network</Filter>
    </ClCompile>
    <ClCompile Include="Agent.cpp">
      <Filter>Source Files\Network</Filter>
    </ClCompile>
    <ClCompile Include="Camera.cpp">
      <Filter>Source Files\MainSystems</Filter>
    </ClCompile>
  </ItemGroup>
  <ItemGroup>
    <None Include="DefaultFragShader.fs">
      <Filter>Resource Files\Shaders</Filter>
    </None>
    <None Include="DefaultVertShader.vs">
      <Filter>Resource Files\Shaders</Filter>
    </None>
    <None Include="TextureFragShader.fs">
      <Filter>Resource Files\Shaders</Filter>
    </None>
    <None Include="TextureVertShader.vs">
      <Filter>Resource Files\Shaders</Filter>
    </None>
    <None Include="FTTextFragShader.fs">
      <Filter>Resource Files\Shaders</Filter>
    </None>
    <None Include="FTTextVertShader.vs">
      <Filter>Resource Files\Shaders</Filter>
    </None>
  </ItemGroup>
  <ItemGroup>
    <ClInclude Include="EBO.h">
      <Filter>Header Files\GameObject</Filter>
    </ClInclude>
    <ClInclude Include="Mesh.h">
      <Filter>Header Files\GameObject</Filter>
    </ClInclude>
    <ClInclude Include="VAO.h">
      <Filter>Header Files\GameObject</Filter>
    </ClInclude>
    <ClInclude Include="VBO.h">
      <Filter>Header Files\GameObject</Filter>
    </ClInclude>
    <ClInclude Include="Transform.h">
      <Filter>Header Files\GameObject</Filter>
    </ClInclude>
    <ClInclude Include="GameObject.h">
      <Filter>Header Files\GameObject</Filter>
    </ClInclude>
    <ClInclude Include="Vertex.h">
      <Filter>Header Files\GameObject</Filter>
    </ClInclude>
    <ClInclude Include="PhysicsWorld.h">
      <Filter>Header Files\Physics</Filter>
    </ClInclude>
    <ClInclude Include="ContactListener.h">
      <Filter>Header Files\Physics</Filter>
    </ClInclude>
    <ClInclude Include="RigidBody.h">
      <Filter>Header Files\Physics</Filter>
    </ClInclude>
    <ClInclude Include="MazeCell.h">
      <Filter>Header Files\Maze</Filter>
    </ClInclude>
    <ClInclude Include="MazeGenerator.h">
      <Filter>Header Files\Maze</Filter>
    </ClInclude>
    <ClInclude Include="Renderer.h">
      <Filter>Header Files\Rendering</Filter>
    </ClInclude>
    <ClInclude Include="Shader.h">
      <Filter>Header Files\Rendering</Filter>
    </ClInclude>
    <ClInclude Include="ShapeDetails.h">
      <Filter>Header Files\Rendering</Filter>
    </ClInclude>
    <ClInclude Include="Texture.h">
      <Filter>Header Files\Rendering</Filter>
    </ClInclude>
    <ClInclude Include="FPSCounter.h">
      <Filter>Header Files\Utility</Filter>
    </ClInclude>
    <ClInclude Include="Time.h">
      <Filter>Header Files\Utility</Filter>
    </ClInclude>
    <ClInclude Include="GLMHeader.h">
      <Filter>Header Files\Utility</Filter>
    </ClInclude>
    <ClInclude Include="Character.h">
      <Filter>Header Files\Rendering</Filter>
    </ClInclude>
    <ClInclude Include="ELM.h">
      <Filter>Header Files\Network</Filter>
    </ClInclude>
    <ClInclude Include="QMaze.h">
      <Filter>Header Files\Network</Filter>
    </ClInclude>
    <ClInclude Include="FileSystem.h">
      <Filter>Header Files\Utility</Filter>
    </ClInclude>
    <ClInclude Include="GameManager.h">
      <Filter>Header Files\MainSystems</Filter>
    </ClInclude>
    <ClInclude Include="ObjectTracker.h">
      <Filter>Header Files\MainSystems</Filter>
    </ClInclude>
    <ClInclude Include="ObstructionGenerator.h">
      <Filter>Header Files\MainSystems</Filter>
    </ClInclude>
    <ClInclude Include="TimeTracker.h">
      <Filter>Header Files\MainSystems</Filter>
    </ClInclude>
    <ClInclude Include="QLearn.h">
      <Filter>Header Files\Network</Filter>
    </ClInclude>
    <ClInclude Include="Agent.h">
      <Filter>Header Files\Network</Filter>
    </ClInclude>
    <ClInclude Include="Camera.h">
      <Filter>Header Files\MainSystems</Filter>
    </ClInclude>
    <ClInclude Include="Tag.h">
      <Filter>Header Files\GameObject</Filter>
    </ClInclude>
  </ItemGroup>
  <ItemGroup>
    <Image Include="crate.jpg">
      <Filter>Resource Files\Textures</Filter>
    </Image>
    <Image Include="brick.png">
      <Filter>Resource Files\Textures</Filter>
    </Image>
    <Image Include="lava.png">
      <Filter>Resource Files\Textures</Filter>
    </Image>
    <Image Include="end_tex.jpg">
      <Filter>Resource Files\Textures</Filter>
    </Image>
    <Image Include="start_tex.jpg">
      <Filter>Resource Files\Textures</Filter>
    </Image>
  </ItemGroup>
  <ItemGroup>
    <Text Include="maze.txt">
      <Filter>Resource Files\MazeData</Filter>
    </Text>
  </ItemGroup>
</Project>